Microsoft Visual Studio Solution File, Format Version 11.00
# Visual Studio 2008

Project("{FC558517-88EB-A0E6-CEF4-5273EA3E318A}") = "Noodle Slurp New Project", "Assembly-CSharp-firstpass.csproj", "{5765030B-A235-6211-1168-BF17768751E3}"
EndProject
Project("{FC558517-88EB-A0E6-CEF4-5273EA3E318A}") = "Noodle Slurp New Project", "Assembly-CSharp.csproj", "{FC2F425F-8A53-3580-0012-707D17104402}"
EndProject
Project("{FC558517-88EB-A0E6-CEF4-5273EA3E318A}") = "Noodle Slurp New Project", "Assembly-CSharp-Editor-firstpass.csproj", "{AC7F0855-5FD9-8994-3E53-F5E15774824B}"
EndProject
Project("{FC558517-88EB-A0E6-CEF4-5273EA3E318A}") = "Noodle Slurp New Project", "Assembly-CSharp-Editor.csproj", "{110E05FB-9858-6F16-4BFB-54958ECC1EF9}"
EndProject
Global
	GlobalSection(SolutionConfigurationPlatforms) = preSolution
		Debug|Any CPU = Debug|Any CPU
		Release|Any CPU = Release|Any CPU
	EndGlobalSection
	GlobalSection(ProjectConfigurationPlatforms) = postSolution
		{5765030B-A235-6211-1168-BF17768751E3}.Debug|Any CPU.ActiveCfg = Debug|Any CPU
		{5765030B-A235-6211-1168-BF17768751E3}.Debug|Any CPU.Build.0 = Debug|Any CPU
		{5765030B-A235-6211-1168-BF17768751E3}.Release|Any CPU.ActiveCfg = Release|Any CPU
		{5765030B-A235-6211-1168-BF17768751E3}.Release|Any CPU.Build.0 = Release|Any CPU
		{FC2F425F-8A53-3580-0012-707D17104402}.Debug|Any CPU.ActiveCfg = Debug|Any CPU
		{FC2F425F-8A53-3580-0012-707D17104402}.Debug|Any CPU.Build.0 = Debug|Any CPU
		{FC2F425F-8A53-3580-0012-707D17104402}.Release|Any CPU.ActiveCfg = Release|Any CPU
		{FC2F425F-8A53-3580-0012-707D17104402}.Release|Any CPU.Build.0 = Release|Any CPU
		{AC7F0855-5FD9-8994-3E53-F5E15774824B}.Debug|Any CPU.ActiveCfg = Debug|Any CPU
		{AC7F0855-5FD9-8994-3E53-F5E15774824B}.Debug|Any CPU.Build.0 = Debug|Any CPU
		{AC7F0855-5FD9-8994-3E53-F5E15774824B}.Release|Any CPU.ActiveCfg = Release|Any CPU
		{AC7F0855-5FD9-8994-3E53-F5E15774824B}.Release|Any CPU.Build.0 = Release|Any CPU
		{110E05FB-9858-6F16-4BFB-54958ECC1EF9}.Debug|Any CPU.ActiveCfg = Debug|Any CPU
		{110E05FB-9858-6F16-4BFB-54958ECC1EF9}.Debug|Any CPU.Build.0 = Debug|Any CPU
		{110E05FB-9858-6F16-4BFB-54958ECC1EF9}.Release|Any CPU.ActiveCfg = Release|Any CPU
		{110E05FB-9858-6F16-4BFB-54958ECC1EF9}.Release|Any CPU.Build.0 = Release|Any CPU
	EndGlobalSection
	GlobalSection(SolutionProperties) = preSolution
		HideSolutionNode = FALSE
	EndGlobalSection
	GlobalSection(MonoDevelopProperties) = preSolution
		StartupItem = Assembly-CSharp.csproj
	EndGlobalSection
EndGlobal
